
Microsoft Visual Studio Solution File, Format Version 12.00
# Visual Studio Version 16
VisualStudioVersion = 16.0.31112.23
MinimumVisualStudioVersion = 10.0.40219.1
Project("{FAE04EC0-301F-11D3-BF4B-00C04F79EFBC}") = "HangfireCore", "HangfireCore\HangfireCore.csproj", "{34CAF85D-EBEF-490E-A7BC-485ACA15E58C}"
EndProject
Global
	GlobalSection(SolutionConfigurationPlatforms) = preSolution
		Debug|Any CPU = Debug|Any CPU
		Release|Any CPU = Release|Any CPU
	EndGlobalSection
	GlobalSection(ProjectConfigurationPlatforms) = postSolution
		{34CAF85D-EBEF-490E-A7BC-485ACA15E58C}.Debug|Any CPU.ActiveCfg = Debug|Any CPU
		{34CAF85D-EBEF-490E-A7BC-485ACA15E58C}.Debug|Any CPU.Build.0 = Debug|Any CPU
		{34CAF85D-EBEF-490E-A7BC-485ACA15E58C}.Release|Any CPU.ActiveCfg = Release|Any CPU
		{34CAF85D-EBEF-490E-A7BC-485ACA15E58C}.Release|Any CPU.Build.0 = Release|Any CPU
	EndGlobalSection
	GlobalSection(SolutionProperties) = preSolution
		HideSolutionNode = FALSE
	EndGlobalSection
	GlobalSection(ExtensibilityGlobals) = postSolution
		SolutionGuid = {12729529-882F-45A7-854C-D04188B7F3C0}
	EndGlobalSection
EndGlobal
